// !$*UTF8*$!
{
	archiveVersion = 1;
	classes = {
	};
	objectVersion = 50;
	objects = {

/* Begin PBXBuildFile section */
		952E18A022AB746900980910 /* PopupTableViewController.swift in Sources */ = {isa = PBXBuildFile; fileRef = 952E189F22AB746900980910 /* PopupTableViewController.swift */; };
		952E18A222AB748100980910 /* PopupTableViewController.storyboard in Resources */ = {isa = PBXBuildFile; fileRef = 952E18A122AB748100980910 /* PopupTableViewController.storyboard */; };
		952E18A422AB7E5700980910 /* StoredAsEnum.swift in Sources */ = {isa = PBXBuildFile; fileRef = 952E18A322AB7E5700980910 /* StoredAsEnum.swift */; };
		952E18A722AB828D00980910 /* PopupTableViewModel.swift in Sources */ = {isa = PBXBuildFile; fileRef = 952E18A622AB828D00980910 /* PopupTableViewModel.swift */; };
		952E18AB22ABB59C00980910 /* PopupTableViewCell.swift in Sources */ = {isa = PBXBuildFile; fileRef = 952E18A922ABB59C00980910 /* PopupTableViewCell.swift */; };
		952E18AC22ABB59C00980910 /* PopupTableViewCell.xib in Resources */ = {isa = PBXBuildFile; fileRef = 952E18AA22ABB59C00980910 /* PopupTableViewCell.xib */; };
		952E18AE22ABFD0E00980910 /* TableViewPickerDelegate.swift in Sources */ = {isa = PBXBuildFile; fileRef = 952E18AD22ABFD0E00980910 /* TableViewPickerDelegate.swift */; };
		952E18B022AC241500980910 /* YearPickerDelegate.swift in Sources */ = {isa = PBXBuildFile; fileRef = 952E18AF22AC241500980910 /* YearPickerDelegate.swift */; };
		9534660322AA39B600A0503F /* AppDelegate.swift in Sources */ = {isa = PBXBuildFile; fileRef = 9534660222AA39B600A0503F /* AppDelegate.swift */; };
		9534660A22AA39DE00A0503F /* Assets.xcassets in Resources */ = {isa = PBXBuildFile; fileRef = 9534660922AA39DE00A0503F /* Assets.xcassets */; };
		9534660D22AA39DE00A0503F /* LaunchScreen.storyboard in Resources */ = {isa = PBXBuildFile; fileRef = 9534660B22AA39DE00A0503F /* LaunchScreen.storyboard */; };
		9534661822AA39DE00A0503F /* TestAutoCatalogTests.swift in Sources */ = {isa = PBXBuildFile; fileRef = 9534661722AA39DE00A0503F /* TestAutoCatalogTests.swift */; };
		956AAB0922AAC9A30005A6F4 /* CarDetailLabelViewCell.swift in Sources */ = {isa = PBXBuildFile; fileRef = 956AAB0722AAC9A30005A6F4 /* CarDetailLabelViewCell.swift */; };
		956AAB0A22AAC9A30005A6F4 /* CarDetailLabelViewCell.xib in Resources */ = {isa = PBXBuildFile; fileRef = 956AAB0822AAC9A30005A6F4 /* CarDetailLabelViewCell.xib */; };
		956AAB0D22AAD3310005A6F4 /* CarDetailTextfieldViewCell.swift in Sources */ = {isa = PBXBuildFile; fileRef = 956AAB0B22AAD3310005A6F4 /* CarDetailTextfieldViewCell.swift */; };
		956AAB0E22AAD3310005A6F4 /* CarDetailTextfieldViewCell.xib in Resources */ = {isa = PBXBuildFile; fileRef = 956AAB0C22AAD3310005A6F4 /* CarDetailTextfieldViewCell.xib */; };
		9596C83822AAFBB800FA35D1 /* CarDetailDatePickerViewCell.swift in Sources */ = {isa = PBXBuildFile; fileRef = 9596C83622AAFBB800FA35D1 /* CarDetailDatePickerViewCell.swift */; };
		9596C83922AAFBB800FA35D1 /* CarDetailDatePickerViewCell.xib in Resources */ = {isa = PBXBuildFile; fileRef = 9596C83722AAFBB800FA35D1 /* CarDetailDatePickerViewCell.xib */; };
		95A5BBBC22AA3E0B004CC7CE /* LinkedList.swift in Sources */ = {isa = PBXBuildFile; fileRef = 95A5BBBB22AA3E0B004CC7CE /* LinkedList.swift */; };
		95A5BBBE22AA3E4D004CC7CE /* CarModel.swift in Sources */ = {isa = PBXBuildFile; fileRef = 95A5BBBD22AA3E4D004CC7CE /* CarModel.swift */; };
		95A5BBC022AA5149004CC7CE /* CarDataService.swift in Sources */ = {isa = PBXBuildFile; fileRef = 95A5BBBF22AA5149004CC7CE /* CarDataService.swift */; };
		95A5BBC522AA57A3004CC7CE /* Storyboarded.swift in Sources */ = {isa = PBXBuildFile; fileRef = 95A5BBC422AA57A3004CC7CE /* Storyboarded.swift */; };
		95A5BBC722AA5869004CC7CE /* Coordinator.swift in Sources */ = {isa = PBXBuildFile; fileRef = 95A5BBC622AA5869004CC7CE /* Coordinator.swift */; };
		95A5BBC922AA58B3004CC7CE /* MainCoordinator.swift in Sources */ = {isa = PBXBuildFile; fileRef = 95A5BBC822AA58B3004CC7CE /* MainCoordinator.swift */; };
		95A5BBCB22AA5A9C004CC7CE /* CarsListScreenViewController.swift in Sources */ = {isa = PBXBuildFile; fileRef = 95A5BBCA22AA5A9C004CC7CE /* CarsListScreenViewController.swift */; };
		95A5BBCD22AA5ADB004CC7CE /* CarsListScreenViewController.storyboard in Resources */ = {isa = PBXBuildFile; fileRef = 95A5BBCC22AA5ADB004CC7CE /* CarsListScreenViewController.storyboard */; };
		95A5BBD022AA66F6004CC7CE /* CarsListViewModel.swift in Sources */ = {isa = PBXBuildFile; fileRef = 95A5BBCF22AA66F6004CC7CE /* CarsListViewModel.swift */; };
		95A5BBD322AA6840004CC7CE /* CarsListCell.swift in Sources */ = {isa = PBXBuildFile; fileRef = 95A5BBD122AA6840004CC7CE /* CarsListCell.swift */; };
		95A5BBD722AA6889004CC7CE /* UITableViewCellExtensions.swift in Sources */ = {isa = PBXBuildFile; fileRef = 95A5BBD622AA6889004CC7CE /* UITableViewCellExtensions.swift */; };
		95A5BBD922AA736D004CC7CE /* Box.swift in Sources */ = {isa = PBXBuildFile; fileRef = 95A5BBD822AA736D004CC7CE /* Box.swift */; };
		95A5BBDB22AA7AE0004CC7CE /* DateExtensions.swift in Sources */ = {isa = PBXBuildFile; fileRef = 95A5BBDA22AA7AE0004CC7CE /* DateExtensions.swift */; };
		95A5BBDE22AA7D84004CC7CE /* CarDetailViewController.swift in Sources */ = {isa = PBXBuildFile; fileRef = 95A5BBDD22AA7D84004CC7CE /* CarDetailViewController.swift */; };
		95A5BBE022AA7D98004CC7CE /* CarDetailViewController.storyboard in Resources */ = {isa = PBXBuildFile; fileRef = 95A5BBDF22AA7D98004CC7CE /* CarDetailViewController.storyboard */; };
		95A5BBE422AA8AB0004CC7CE /* CarDetailViewModel.swift in Sources */ = {isa = PBXBuildFile; fileRef = 95A5BBE322AA8AB0004CC7CE /* CarDetailViewModel.swift */; };
		95A5BBE622AA8C9B004CC7CE /* CarDetailViewModelItem.swift in Sources */ = {isa = PBXBuildFile; fileRef = 95A5BBE522AA8C9B004CC7CE /* CarDetailViewModelItem.swift */; };
		95A5BBE822AA8DB2004CC7CE /* CarDetailViewModelNameModelItem.swift in Sources */ = {isa = PBXBuildFile; fileRef = 95A5BBE722AA8DB2004CC7CE /* CarDetailViewModelNameModelItem.swift */; };
		95A5BBEA22AA8E1A004CC7CE /* Constants.swift in Sources */ = {isa = PBXBuildFile; fileRef = 95A5BBE922AA8E1A004CC7CE /* Constants.swift */; };
		95A5BBEC22AA8F0E004CC7CE /* CarDetailViewModelYearItem.swift in Sources */ = {isa = PBXBuildFile; fileRef = 95A5BBEB22AA8F0E004CC7CE /* CarDetailViewModelYearItem.swift */; };
		95A5BBEE22AA8F62004CC7CE /* CarDetailViewModelCarClassItem.swift in Sources */ = {isa = PBXBuildFile; fileRef = 95A5BBED22AA8F62004CC7CE /* CarDetailViewModelCarClassItem.swift */; };
		95A5BBF022AA8FA8004CC7CE /* CarDetailViewModelCarBodyStyleItem.swift in Sources */ = {isa = PBXBuildFile; fileRef = 95A5BBEF22AA8FA8004CC7CE /* CarDetailViewModelCarBodyStyleItem.swift */; };
		95A5BBF222AA9018004CC7CE /* CarDetailViewModelManufacturerItem.swift in Sources */ = {isa = PBXBuildFile; fileRef = 95A5BBF122AA9018004CC7CE /* CarDetailViewModelManufacturerItem.swift */; };
/* End PBXBuildFile section */

/* Begin PBXContainerItemProxy section */
		9534661422AA39DE00A0503F /* PBXContainerItemProxy */ = {
			isa = PBXContainerItemProxy;
			containerPortal = 953465F722AA39B400A0503F /* Project object */;
			proxyType = 1;
			remoteGlobalIDString = 953465FE22AA39B500A0503F;
			remoteInfo = TestAutoCatalog;
		};
/* End PBXContainerItemProxy section */

/* Begin PBXFileReference section */
		952E189F22AB746900980910 /* PopupTableViewController.swift */ = {isa = PBXFileReference; lastKnownFileType = sourcecode.swift; path = PopupTableViewController.swift; sourceTree = "<group>"; };
		952E18A122AB748100980910 /* PopupTableViewController.storyboard */ = {isa = PBXFileReference; lastKnownFileType = file.storyboard; path = PopupTableViewController.storyboard; sourceTree = "<group>"; };
		952E18A322AB7E5700980910 /* StoredAsEnum.swift */ = {isa = PBXFileReference; lastKnownFileType = sourcecode.swift; path = StoredAsEnum.swift; sourceTree = "<group>"; };
		952E18A622AB828D00980910 /* PopupTableViewModel.swift */ = {isa = PBXFileReference; lastKnownFileType = sourcecode.swift; path = PopupTableViewModel.swift; sourceTree = "<group>"; };
		952E18A922ABB59C00980910 /* PopupTableViewCell.swift */ = {isa = PBXFileReference; lastKnownFileType = sourcecode.swift; path = PopupTableViewCell.swift; sourceTree = "<group>"; };
		952E18AA22ABB59C00980910 /* PopupTableViewCell.xib */ = {isa = PBXFileReference; lastKnownFileType = file.xib; path = PopupTableViewCell.xib; sourceTree = "<group>"; };
		952E18AD22ABFD0E00980910 /* TableViewPickerDelegate.swift */ = {isa = PBXFileReference; lastKnownFileType = sourcecode.swift; path = TableViewPickerDelegate.swift; sourceTree = "<group>"; };
		952E18AF22AC241500980910 /* YearPickerDelegate.swift */ = {isa = PBXFileReference; lastKnownFileType = sourcecode.swift; path = YearPickerDelegate.swift; sourceTree = "<group>"; };
		953465FF22AA39B600A0503F /* TestAutoCatalog.app */ = {isa = PBXFileReference; explicitFileType = wrapper.application; includeInIndex = 0; path = TestAutoCatalog.app; sourceTree = BUILT_PRODUCTS_DIR; };
		9534660222AA39B600A0503F /* AppDelegate.swift */ = {isa = PBXFileReference; lastKnownFileType = sourcecode.swift; path = AppDelegate.swift; sourceTree = "<group>"; };
		9534660922AA39DE00A0503F /* Assets.xcassets */ = {isa = PBXFileReference; lastKnownFileType = folder.assetcatalog; path = Assets.xcassets; sourceTree = "<group>"; };
		9534660C22AA39DE00A0503F /* Base */ = {isa = PBXFileReference; lastKnownFileType = file.storyboard; name = Base; path = Base.lproj/LaunchScreen.storyboard; sourceTree = "<group>"; };
		9534660E22AA39DE00A0503F /* Info.plist */ = {isa = PBXFileReference; lastKnownFileType = text.plist.xml; path = Info.plist; sourceTree = "<group>"; };
		9534661322AA39DE00A0503F /* TestAutoCatalogTests.xctest */ = {isa = PBXFileReference; explicitFileType = wrapper.cfbundle; includeInIndex = 0; path = TestAutoCatalogTests.xctest; sourceTree = BUILT_PRODUCTS_DIR; };
		9534661722AA39DE00A0503F /* TestAutoCatalogTests.swift */ = {isa = PBXFileReference; lastKnownFileType = sourcecode.swift; path = TestAutoCatalogTests.swift; sourceTree = "<group>"; };
		9534661922AA39DE00A0503F /* Info.plist */ = {isa = PBXFileReference; lastKnownFileType = text.plist.xml; path = Info.plist; sourceTree = "<group>"; };
		956AAB0722AAC9A30005A6F4 /* CarDetailLabelViewCell.swift */ = {isa = PBXFileReference; lastKnownFileType = sourcecode.swift; path = CarDetailLabelViewCell.swift; sourceTree = "<group>"; };
		956AAB0822AAC9A30005A6F4 /* CarDetailLabelViewCell.xib */ = {isa = PBXFileReference; lastKnownFileType = file.xib; path = CarDetailLabelViewCell.xib; sourceTree = "<group>"; };
		956AAB0B22AAD3310005A6F4 /* CarDetailTextfieldViewCell.swift */ = {isa = PBXFileReference; lastKnownFileType = sourcecode.swift; path = CarDetailTextfieldViewCell.swift; sourceTree = "<group>"; };
		956AAB0C22AAD3310005A6F4 /* CarDetailTextfieldViewCell.xib */ = {isa = PBXFileReference; lastKnownFileType = file.xib; path = CarDetailTextfieldViewCell.xib; sourceTree = "<group>"; };
		9596C83622AAFBB800FA35D1 /* CarDetailDatePickerViewCell.swift */ = {isa = PBXFileReference; lastKnownFileType = sourcecode.swift; path = CarDetailDatePickerViewCell.swift; sourceTree = "<group>"; };
		9596C83722AAFBB800FA35D1 /* CarDetailDatePickerViewCell.xib */ = {isa = PBXFileReference; lastKnownFileType = file.xib; path = CarDetailDatePickerViewCell.xib; sourceTree = "<group>"; };
		95A5BBBB22AA3E0B004CC7CE /* LinkedList.swift */ = {isa = PBXFileReference; lastKnownFileType = sourcecode.swift; path = LinkedList.swift; sourceTree = "<group>"; };
		95A5BBBD22AA3E4D004CC7CE /* CarModel.swift */ = {isa = PBXFileReference; lastKnownFileType = sourcecode.swift; path = CarModel.swift; sourceTree = "<group>"; };
		95A5BBBF22AA5149004CC7CE /* CarDataService.swift */ = {isa = PBXFileReference; lastKnownFileType = sourcecode.swift; path = CarDataService.swift; sourceTree = "<group>"; };
		95A5BBC422AA57A3004CC7CE /* Storyboarded.swift */ = {isa = PBXFileReference; lastKnownFileType = sourcecode.swift; path = Storyboarded.swift; sourceTree = "<group>"; };
		95A5BBC622AA5869004CC7CE /* Coordinator.swift */ = {isa = PBXFileReference; lastKnownFileType = sourcecode.swift; path = Coordinator.swift; sourceTree = "<group>"; };
		95A5BBC822AA58B3004CC7CE /* MainCoordinator.swift */ = {isa = PBXFileReference; lastKnownFileType = sourcecode.swift; path = MainCoordinator.swift; sourceTree = "<group>"; };
		95A5BBCA22AA5A9C004CC7CE /* CarsListScreenViewController.swift */ = {isa = PBXFileReference; lastKnownFileType = sourcecode.swift; path = CarsListScreenViewController.swift; sourceTree = "<group>"; };
		95A5BBCC22AA5ADB004CC7CE /* CarsListScreenViewController.storyboard */ = {isa = PBXFileReference; lastKnownFileType = file.storyboard; path = CarsListScreenViewController.storyboard; sourceTree = "<group>"; };
		95A5BBCF22AA66F6004CC7CE /* CarsListViewModel.swift */ = {isa = PBXFileReference; lastKnownFileType = sourcecode.swift; path = CarsListViewModel.swift; sourceTree = "<group>"; };
		95A5BBD122AA6840004CC7CE /* CarsListCell.swift */ = {isa = PBXFileReference; lastKnownFileType = sourcecode.swift; path = CarsListCell.swift; sourceTree = "<group>"; };
		95A5BBD622AA6889004CC7CE /* UITableViewCellExtensions.swift */ = {isa = PBXFileReference; lastKnownFileType = sourcecode.swift; path = UITableViewCellExtensions.swift; sourceTree = "<group>"; };
		95A5BBD822AA736D004CC7CE /* Box.swift */ = {isa = PBXFileReference; lastKnownFileType = sourcecode.swift; path = Box.swift; sourceTree = "<group>"; };
		95A5BBDA22AA7AE0004CC7CE /* DateExtensions.swift */ = {isa = PBXFileReference; lastKnownFileType = sourcecode.swift; path = DateExtensions.swift; sourceTree = "<group>"; };
		95A5BBDD22AA7D84004CC7CE /* CarDetailViewController.swift */ = {isa = PBXFileReference; lastKnownFileType = sourcecode.swift; path = CarDetailViewController.swift; sourceTree = "<group>"; };
		95A5BBDF22AA7D98004CC7CE /* CarDetailViewController.storyboard */ = {isa = PBXFileReference; lastKnownFileType = file.storyboard; path = CarDetailViewController.storyboard; sourceTree = "<group>"; };
		95A5BBE322AA8AB0004CC7CE /* CarDetailViewModel.swift */ = {isa = PBXFileReference; lastKnownFileType = sourcecode.swift; path = CarDetailViewModel.swift; sourceTree = "<group>"; };
		95A5BBE522AA8C9B004CC7CE /* CarDetailViewModelItem.swift */ = {isa = PBXFileReference; lastKnownFileType = sourcecode.swift; path = CarDetailViewModelItem.swift; sourceTree = "<group>"; };
		95A5BBE722AA8DB2004CC7CE /* CarDetailViewModelNameModelItem.swift */ = {isa = PBXFileReference; lastKnownFileType = sourcecode.swift; path = CarDetailViewModelNameModelItem.swift; sourceTree = "<group>"; };
		95A5BBE922AA8E1A004CC7CE /* Constants.swift */ = {isa = PBXFileReference; lastKnownFileType = sourcecode.swift; path = Constants.swift; sourceTree = "<group>"; };
		95A5BBEB22AA8F0E004CC7CE /* CarDetailViewModelYearItem.swift */ = {isa = PBXFileReference; lastKnownFileType = sourcecode.swift; path = CarDetailViewModelYearItem.swift; sourceTree = "<group>"; };
		95A5BBED22AA8F62004CC7CE /* CarDetailViewModelCarClassItem.swift */ = {isa = PBXFileReference; lastKnownFileType = sourcecode.swift; path = CarDetailViewModelCarClassItem.swift; sourceTree = "<group>"; };
		95A5BBEF22AA8FA8004CC7CE /* CarDetailViewModelCarBodyStyleItem.swift */ = {isa = PBXFileReference; lastKnownFileType = sourcecode.swift; path = CarDetailViewModelCarBodyStyleItem.swift; sourceTree = "<group>"; };
		95A5BBF122AA9018004CC7CE /* CarDetailViewModelManufacturerItem.swift */ = {isa = PBXFileReference; lastKnownFileType = sourcecode.swift; path = CarDetailViewModelManufacturerItem.swift; sourceTree = "<group>"; };
/* End PBXFileReference section */

/* Begin PBXFrameworksBuildPhase section */
		953465FC22AA39B500A0503F /* Frameworks */ = {
			isa = PBXFrameworksBuildPhase;
			buildActionMask = 2147483647;
			files = (
			);
			runOnlyForDeploymentPostprocessing = 0;
		};
		9534661022AA39DE00A0503F /* Frameworks */ = {
			isa = PBXFrameworksBuildPhase;
			buildActionMask = 2147483647;
			files = (
			);
			runOnlyForDeploymentPostprocessing = 0;
		};
/* End PBXFrameworksBuildPhase section */

/* Begin PBXGroup section */
		952E189E22AB742800980910 /* PopupTableViewController */ = {
			isa = PBXGroup;
			children = (
				952E18A822ABB55200980910 /* View */,
				952E18A522AB826E00980910 /* ViewModel */,
				952E189F22AB746900980910 /* PopupTableViewController.swift */,
				952E18A122AB748100980910 /* PopupTableViewController.storyboard */,
			);
			path = PopupTableViewController;
			sourceTree = "<group>";
		};
		952E18A522AB826E00980910 /* ViewModel */ = {
			isa = PBXGroup;
			children = (
				952E18A622AB828D00980910 /* PopupTableViewModel.swift */,
			);
			path = ViewModel;
			sourceTree = "<group>";
		};
		952E18A822ABB55200980910 /* View */ = {
			isa = PBXGroup;
			children = (
				952E18A922ABB59C00980910 /* PopupTableViewCell.swift */,
				952E18AA22ABB59C00980910 /* PopupTableViewCell.xib */,
			);
			path = View;
			sourceTree = "<group>";
		};
		953465F622AA39B300A0503F = {
			isa = PBXGroup;
			children = (
				9534660122AA39B600A0503F /* TestAutoCatalog */,
				9534661622AA39DE00A0503F /* TestAutoCatalogTests */,
				9534660022AA39B600A0503F /* Products */,
			);
			sourceTree = "<group>";
		};
		9534660022AA39B600A0503F /* Products */ = {
			isa = PBXGroup;
			children = (
				953465FF22AA39B600A0503F /* TestAutoCatalog.app */,
				9534661322AA39DE00A0503F /* TestAutoCatalogTests.xctest */,
			);
			name = Products;
			sourceTree = "<group>";
		};
		9534660122AA39B600A0503F /* TestAutoCatalog */ = {
			isa = PBXGroup;
			children = (
				952E189E22AB742800980910 /* PopupTableViewController */,
				95A5BBDC22AA7D5C004CC7CE /* CarDetailScreen */,
				95A5BBC222AA5735004CC7CE /* CarsListScreen */,
				95A5BBB922AA3DCC004CC7CE /* Model */,
				95A5BBB822AA3D79004CC7CE /* Resources */,
				95A5BBB722AA3D53004CC7CE /* Utilities */,
				9534660222AA39B600A0503F /* AppDelegate.swift */,
				9534660B22AA39DE00A0503F /* LaunchScreen.storyboard */,
				9534660E22AA39DE00A0503F /* Info.plist */,
				95A5BBC822AA58B3004CC7CE /* MainCoordinator.swift */,
			);
			path = TestAutoCatalog;
			sourceTree = "<group>";
		};
		9534661622AA39DE00A0503F /* TestAutoCatalogTests */ = {
			isa = PBXGroup;
			children = (
				9534661722AA39DE00A0503F /* TestAutoCatalogTests.swift */,
				9534661922AA39DE00A0503F /* Info.plist */,
			);
			path = TestAutoCatalogTests;
			sourceTree = "<group>";
		};
		95A5BBB722AA3D53004CC7CE /* Utilities */ = {
			isa = PBXGroup;
			children = (
				95A5BBD522AA6875004CC7CE /* Extensions */,
				95A5BBC322AA578D004CC7CE /* Protocols */,
				95A5BBBA22AA3DD2004CC7CE /* LocalDataStore */,
				95A5BBD822AA736D004CC7CE /* Box.swift */,
				95A5BBE922AA8E1A004CC7CE /* Constants.swift */,
			);
			path = Utilities;
			sourceTree = "<group>";
		};
		95A5BBB822AA3D79004CC7CE /* Resources */ = {
			isa = PBXGroup;
			children = (
				9534660922AA39DE00A0503F /* Assets.xcassets */,
			);
			path = Resources;
			sourceTree = "<group>";
		};
		95A5BBB922AA3DCC004CC7CE /* Model */ = {
			isa = PBXGroup;
			children = (
				95A5BBBD22AA3E4D004CC7CE /* CarModel.swift */,
			);
			path = Model;
			sourceTree = "<group>";
		};
		95A5BBBA22AA3DD2004CC7CE /* LocalDataStore */ = {
			isa = PBXGroup;
			children = (
				95A5BBBB22AA3E0B004CC7CE /* LinkedList.swift */,
				95A5BBBF22AA5149004CC7CE /* CarDataService.swift */,
			);
			path = LocalDataStore;
			sourceTree = "<group>";
		};
		95A5BBC122AA571E004CC7CE /* ViewModel */ = {
			isa = PBXGroup;
			children = (
				95A5BBCF22AA66F6004CC7CE /* CarsListViewModel.swift */,
			);
			path = ViewModel;
			sourceTree = "<group>";
		};
		95A5BBC222AA5735004CC7CE /* CarsListScreen */ = {
			isa = PBXGroup;
			children = (
				95A5BBCE22AA66A7004CC7CE /* View */,
				95A5BBC122AA571E004CC7CE /* ViewModel */,
				95A5BBCA22AA5A9C004CC7CE /* CarsListScreenViewController.swift */,
				95A5BBCC22AA5ADB004CC7CE /* CarsListScreenViewController.storyboard */,
			);
			path = CarsListScreen;
			sourceTree = "<group>";
		};
		95A5BBC322AA578D004CC7CE /* Protocols */ = {
			isa = PBXGroup;
			children = (
				95A5BBC422AA57A3004CC7CE /* Storyboarded.swift */,
				95A5BBC622AA5869004CC7CE /* Coordinator.swift */,
				95A5BBE522AA8C9B004CC7CE /* CarDetailViewModelItem.swift */,
				952E18A322AB7E5700980910 /* StoredAsEnum.swift */,
				952E18AD22ABFD0E00980910 /* TableViewPickerDelegate.swift */,
				952E18AF22AC241500980910 /* YearPickerDelegate.swift */,
			);
			path = Protocols;
			sourceTree = "<group>";
		};
		95A5BBCE22AA66A7004CC7CE /* View */ = {
			isa = PBXGroup;
			children = (
				95A5BBD122AA6840004CC7CE /* CarsListCell.swift */,
			);
			path = View;
			sourceTree = "<group>";
		};
		95A5BBD522AA6875004CC7CE /* Extensions */ = {
			isa = PBXGroup;
			children = (
				95A5BBD622AA6889004CC7CE /* UITableViewCellExtensions.swift */,
				95A5BBDA22AA7AE0004CC7CE /* DateExtensions.swift */,
			);
			path = Extensions;
			sourceTree = "<group>";
		};
		95A5BBDC22AA7D5C004CC7CE /* CarDetailScreen */ = {
			isa = PBXGroup;
			children = (
				95A5BBE222AA8A7D004CC7CE /* ViewModel */,
				95A5BBE122AA8A75004CC7CE /* Views */,
				95A5BBDD22AA7D84004CC7CE /* CarDetailViewController.swift */,
				95A5BBDF22AA7D98004CC7CE /* CarDetailViewController.storyboard */,
			);
			path = CarDetailScreen;
			sourceTree = "<group>";
		};
		95A5BBE122AA8A75004CC7CE /* Views */ = {
			isa = PBXGroup;
			children = (
				956AAB0722AAC9A30005A6F4 /* CarDetailLabelViewCell.swift */,
				956AAB0822AAC9A30005A6F4 /* CarDetailLabelViewCell.xib */,
				956AAB0B22AAD3310005A6F4 /* CarDetailTextfieldViewCell.swift */,
				956AAB0C22AAD3310005A6F4 /* CarDetailTextfieldViewCell.xib */,
				9596C83622AAFBB800FA35D1 /* CarDetailDatePickerViewCell.swift */,
				9596C83722AAFBB800FA35D1 /* CarDetailDatePickerViewCell.xib */,
			);
			path = Views;
			sourceTree = "<group>";
		};
		95A5BBE222AA8A7D004CC7CE /* ViewModel */ = {
			isa = PBXGroup;
			children = (
				95A5BBE322AA8AB0004CC7CE /* CarDetailViewModel.swift */,
				95A5BBE722AA8DB2004CC7CE /* CarDetailViewModelNameModelItem.swift */,
				95A5BBEB22AA8F0E004CC7CE /* CarDetailViewModelYearItem.swift */,
				95A5BBED22AA8F62004CC7CE /* CarDetailViewModelCarClassItem.swift */,
				95A5BBEF22AA8FA8004CC7CE /* CarDetailViewModelCarBodyStyleItem.swift */,
				95A5BBF122AA9018004CC7CE /* CarDetailViewModelManufacturerItem.swift */,
			);
			path = ViewModel;
			sourceTree = "<group>";
		};
/* End PBXGroup section */

/* Begin PBXNativeTarget section */
		953465FE22AA39B500A0503F /* TestAutoCatalog */ = {
			isa = PBXNativeTarget;
			buildConfigurationList = 9534661C22AA39DE00A0503F /* Build configuration list for PBXNativeTarget "TestAutoCatalog" */;
			buildPhases = (
				953465FB22AA39B500A0503F /* Sources */,
				953465FC22AA39B500A0503F /* Frameworks */,
				953465FD22AA39B500A0503F /* Resources */,
			);
			buildRules = (
			);
			dependencies = (
			);
			name = TestAutoCatalog;
			productName = TestAutoCatalog;
			productReference = 953465FF22AA39B600A0503F /* TestAutoCatalog.app */;
			productType = "com.apple.product-type.application";
		};
		9534661222AA39DE00A0503F /* TestAutoCatalogTests */ = {
			isa = PBXNativeTarget;
			buildConfigurationList = 9534661F22AA39DE00A0503F /* Build configuration list for PBXNativeTarget "TestAutoCatalogTests" */;
			buildPhases = (
				9534660F22AA39DE00A0503F /* Sources */,
				9534661022AA39DE00A0503F /* Frameworks */,
				9534661122AA39DE00A0503F /* Resources */,
			);
			buildRules = (
			);
			dependencies = (
				9534661522AA39DE00A0503F /* PBXTargetDependency */,
			);
			name = TestAutoCatalogTests;
			productName = TestAutoCatalogTests;
			productReference = 9534661322AA39DE00A0503F /* TestAutoCatalogTests.xctest */;
			productType = "com.apple.product-type.bundle.unit-test";
		};
/* End PBXNativeTarget section */

/* Begin PBXProject section */
		953465F722AA39B400A0503F /* Project object */ = {
			isa = PBXProject;
			attributes = {
				LastSwiftUpdateCheck = 1020;
				LastUpgradeCheck = 1020;
				ORGANIZATIONNAME = nic;
				TargetAttributes = {
					953465FE22AA39B500A0503F = {
						CreatedOnToolsVersion = 10.2.1;
					};
					9534661222AA39DE00A0503F = {
						CreatedOnToolsVersion = 10.2.1;
						TestTargetID = 953465FE22AA39B500A0503F;
					};
				};
			};
			buildConfigurationList = 953465FA22AA39B400A0503F /* Build configuration list for PBXProject "TestAutoCatalog" */;
			compatibilityVersion = "Xcode 9.3";
			developmentRegion = en;
			hasScannedForEncodings = 0;
			knownRegions = (
				en,
				Base,
			);
			mainGroup = 953465F622AA39B300A0503F;
			productRefGroup = 9534660022AA39B600A0503F /* Products */;
			projectDirPath = "";
			projectRoot = "";
			targets = (
				953465FE22AA39B500A0503F /* TestAutoCatalog */,
				9534661222AA39DE00A0503F /* TestAutoCatalogTests */,
			);
		};
/* End PBXProject section */

/* Begin PBXResourcesBuildPhase section */
		953465FD22AA39B500A0503F /* Resources */ = {
			isa = PBXResourcesBuildPhase;
			buildActionMask = 2147483647;
			files = (
				95A5BBE022AA7D98004CC7CE /* CarDetailViewController.storyboard in Resources */,
				956AAB0A22AAC9A30005A6F4 /* CarDetailLabelViewCell.xib in Resources */,
				95A5BBCD22AA5ADB004CC7CE /* CarsListScreenViewController.storyboard in Resources */,
				9596C83922AAFBB800FA35D1 /* CarDetailDatePickerViewCell.xib in Resources */,
				9534660D22AA39DE00A0503F /* LaunchScreen.storyboard in Resources */,
				952E18A222AB748100980910 /* PopupTableViewController.storyboard in Resources */,
				956AAB0E22AAD3310005A6F4 /* CarDetailTextfieldViewCell.xib in Resources */,
				952E18AC22ABB59C00980910 /* PopupTableViewCell.xib in Resources */,
				9534660A22AA39DE00A0503F /* Assets.xcassets in Resources */,
			);
			runOnlyForDeploymentPostprocessing = 0;
		};
		9534661122AA39DE00A0503F /* Resources */ = {
			isa = PBXResourcesBuildPhase;
			buildActionMask = 2147483647;
			files = (
			);
			runOnlyForDeploymentPostprocessing = 0;
		};
/* End PBXResourcesBuildPhase section */

/* Begin PBXSourcesBuildPhase section */
		953465FB22AA39B500A0503F /* Sources */ = {
			isa = PBXSourcesBuildPhase;
			buildActionMask = 2147483647;
			files = (
				95A5BBC922AA58B3004CC7CE /* MainCoordinator.swift in Sources */,
				95A5BBE822AA8DB2004CC7CE /* CarDetailViewModelNameModelItem.swift in Sources */,
				956AAB0922AAC9A30005A6F4 /* CarDetailLabelViewCell.swift in Sources */,
				95A5BBBE22AA3E4D004CC7CE /* CarModel.swift in Sources */,
				95A5BBD722AA6889004CC7CE /* UITableViewCellExtensions.swift in Sources */,
				95A5BBD322AA6840004CC7CE /* CarsListCell.swift in Sources */,
				95A5BBBC22AA3E0B004CC7CE /* LinkedList.swift in Sources */,
				95A5BBE422AA8AB0004CC7CE /* CarDetailViewModel.swift in Sources */,
				956AAB0D22AAD3310005A6F4 /* CarDetailTextfieldViewCell.swift in Sources */,
				95A5BBC022AA5149004CC7CE /* CarDataService.swift in Sources */,
				95A5BBF022AA8FA8004CC7CE /* CarDetailViewModelCarBodyStyleItem.swift in Sources */,
				9534660322AA39B600A0503F /* AppDelegate.swift in Sources */,
				952E18AB22ABB59C00980910 /* PopupTableViewCell.swift in Sources */,
				95A5BBDE22AA7D84004CC7CE /* CarDetailViewController.swift in Sources */,
				952E18A422AB7E5700980910 /* StoredAsEnum.swift in Sources */,
				95A5BBEC22AA8F0E004CC7CE /* CarDetailViewModelYearItem.swift in Sources */,
				95A5BBEE22AA8F62004CC7CE /* CarDetailViewModelCarClassItem.swift in Sources */,
				95A5BBCB22AA5A9C004CC7CE /* CarsListScreenViewController.swift in Sources */,
				95A5BBF222AA9018004CC7CE /* CarDetailViewModelManufacturerItem.swift in Sources */,
				95A5BBC522AA57A3004CC7CE /* Storyboarded.swift in Sources */,
				95A5BBE622AA8C9B004CC7CE /* CarDetailViewModelItem.swift in Sources */,
				95A5BBD922AA736D004CC7CE /* Box.swift in Sources */,
				95A5BBC722AA5869004CC7CE /* Coordinator.swift in Sources */,
				95A5BBD022AA66F6004CC7CE /* CarsListViewModel.swift in Sources */,
				952E18A022AB746900980910 /* PopupTableViewController.swift in Sources */,
				952E18B022AC241500980910 /* YearPickerDelegate.swift in Sources */,
				952E18A722AB828D00980910 /* PopupTableViewModel.swift in Sources */,
				95A5BBDB22AA7AE0004CC7CE /* DateExtensions.swift in Sources */,
				95A5BBEA22AA8E1A004CC7CE /* Constants.swift in Sources */,
				952E18AE22ABFD0E00980910 /* TableViewPickerDelegate.swift in Sources */,
				9596C83822AAFBB800FA35D1 /* CarDetailDatePickerViewCell.swift in Sources */,
			);
			runOnlyForDeploymentPostprocessing = 0;
		};
		9534660F22AA39DE00A0503F /* Sources */ = {
			isa = PBXSourcesBuildPhase;
			buildActionMask = 2147483647;
			files = (
				9534661822AA39DE00A0503F /* TestAutoCatalogTests.swift in Sources */,
			);
			runOnlyForDeploymentPostprocessing = 0;
		};
/* End PBXSourcesBuildPhase section */

/* Begin PBXTargetDependency section */
		9534661522AA39DE00A0503F /* PBXTargetDependency */ = {
			isa = PBXTargetDependency;
			target = 953465FE22AA39B500A0503F /* TestAutoCatalog */;
			targetProxy = 9534661422AA39DE00A0503F /* PBXContainerItemProxy */;
		};
/* End PBXTargetDependency section */

/* Begin PBXVariantGroup section */
		9534660B22AA39DE00A0503F /* LaunchScreen.storyboard */ = {
			isa = PBXVariantGroup;
			children = (
				9534660C22AA39DE00A0503F /* Base */,
			);
			name = LaunchScreen.storyboard;
			sourceTree = "<group>";
		};
/* End PBXVariantGroup section */

/* Begin XCBuildConfiguration section */
		9534661A22AA39DE00A0503F /* Debug */ = {
			isa = XCBuildConfiguration;
			buildSettings = {
				ALWAYS_SEARCH_USER_PATHS = NO;
				CLANG_ANALYZER_NONNULL = YES;
				CLANG_ANALYZER_NUMBER_OBJECT_CONVERSION = YES_AGGRESSIVE;
				CLANG_CXX_LANGUAGE_STANDARD = "gnu++14";
				CLANG_CXX_LIBRARY = "libc++";
				CLANG_ENABLE_MODULES = YES;
				CLANG_ENABLE_OBJC_ARC = YES;
				CLANG_ENABLE_OBJC_WEAK = YES;
				CLANG_WARN_BLOCK_CAPTURE_AUTORELEASING = YES;
				CLANG_WARN_BOOL_CONVERSION = YES;
				CLANG_WARN_COMMA = YES;
				CLANG_WARN_CONSTANT_CONVERSION = YES;
				CLANG_WARN_DEPRECATED_OBJC_IMPLEMENTATIONS = YES;
				CLANG_WARN_DIRECT_OBJC_ISA_USAGE = YES_ERROR;
				CLANG_WARN_DOCUMENTATION_COMMENTS = YES;
				CLANG_WARN_EMPTY_BODY = YES;
				CLANG_WARN_ENUM_CONVERSION = YES;
				CLANG_WARN_INFINITE_RECURSION = YES;
				CLANG_WARN_INT_CONVERSION = YES;
				CLANG_WARN_NON_LITERAL_NULL_CONVERSION = YES;
				CLANG_WARN_OBJC_IMPLICIT_RETAIN_SELF = YES;
				CLANG_WARN_OBJC_LITERAL_CONVERSION = YES;
				CLANG_WARN_OBJC_ROOT_CLASS = YES_ERROR;
				CLANG_WARN_RANGE_LOOP_ANALYSIS = YES;
				CLANG_WARN_STRICT_PROTOTYPES = YES;
				CLANG_WARN_SUSPICIOUS_MOVE = YES;
				CLANG_WARN_UNGUARDED_AVAILABILITY = YES_AGGRESSIVE;
				CLANG_WARN_UNREACHABLE_CODE = YES;
				CLANG_WARN__DUPLICATE_METHOD_MATCH = YES;
				CODE_SIGN_IDENTITY = "iPhone Developer";
				COPY_PHASE_STRIP = NO;
				DEBUG_INFORMATION_FORMAT = dwarf;
				ENABLE_STRICT_OBJC_MSGSEND = YES;
				ENABLE_TESTABILITY = YES;
				GCC_C_LANGUAGE_STANDARD = gnu11;
				GCC_DYNAMIC_NO_PIC = NO;
				GCC_NO_COMMON_BLOCKS = YES;
				GCC_OPTIMIZATION_LEVEL = 0;
				GCC_PREPROCESSOR_DEFINITIONS = (
					"DEBUG=1",
					"$(inherited)",
				);
				GCC_WARN_64_TO_32_BIT_CONVERSION = YES;
				GCC_WARN_ABOUT_RETURN_TYPE = YES_ERROR;
				GCC_WARN_UNDECLARED_SELECTOR = YES;
				GCC_WARN_UNINITIALIZED_AUTOS = YES_AGGRESSIVE;
				GCC_WARN_UNUSED_FUNCTION = YES;
				GCC_WARN_UNUSED_VARIABLE = YES;
				IPHONEOS_DEPLOYMENT_TARGET = 12.2;
				MTL_ENABLE_DEBUG_INFO = INCLUDE_SOURCE;
				MTL_FAST_MATH = YES;
				ONLY_ACTIVE_ARCH = YES;
				SDKROOT = iphoneos;
				SWIFT_ACTIVE_COMPILATION_CONDITIONS = DEBUG;
				SWIFT_OPTIMIZATION_LEVEL = "-Onone";
			};
			name = Debug;
		};
		9534661B22AA39DE00A0503F /* Release */ = {
			isa = XCBuildConfiguration;
			buildSettings = {
				ALWAYS_SEARCH_USER_PATHS = NO;
				CLANG_ANALYZER_NONNULL = YES;
				CLANG_ANALYZER_NUMBER_OBJECT_CONVERSION = YES_AGGRESSIVE;
				CLANG_CXX_LANGUAGE_STANDARD = "gnu++14";
				CLANG_CXX_LIBRARY = "libc++";
				CLANG_ENABLE_MODULES = YES;
				CLANG_ENABLE_OBJC_ARC = YES;
				CLANG_ENABLE_OBJC_WEAK = YES;
				CLANG_WARN_BLOCK_CAPTURE_AUTORELEASING = YES;
				CLANG_WARN_BOOL_CONVERSION = YES;
				CLANG_WARN_COMMA = YES;
				CLANG_WARN_CONSTANT_CONVERSION = YES;
				CLANG_WARN_DEPRECATED_OBJC_IMPLEMENTATIONS = YES;
				CLANG_WARN_DIRECT_OBJC_ISA_USAGE = YES_ERROR;
				CLANG_WARN_DOCUMENTATION_COMMENTS = YES;
				CLANG_WARN_EMPTY_BODY = YES;
				CLANG_WARN_ENUM_CONVERSION = YES;
				CLANG_WARN_INFINITE_RECURSION = YES;
				CLANG_WARN_INT_CONVERSION = YES;
				CLANG_WARN_NON_LITERAL_NULL_CONVERSION = YES;
				CLANG_WARN_OBJC_IMPLICIT_RETAIN_SELF = YES;
				CLANG_WARN_OBJC_LITERAL_CONVERSION = YES;
				CLANG_WARN_OBJC_ROOT_CLASS = YES_ERROR;
				CLANG_WARN_RANGE_LOOP_ANALYSIS = YES;
				CLANG_WARN_STRICT_PROTOTYPES = YES;
				CLANG_WARN_SUSPICIOUS_MOVE = YES;
				CLANG_WARN_UNGUARDED_AVAILABILITY = YES_AGGRESSIVE;
				CLANG_WARN_UNREACHABLE_CODE = YES;
				CLANG_WARN__DUPLICATE_METHOD_MATCH = YES;
				CODE_SIGN_IDENTITY = "iPhone Developer";
				COPY_PHASE_STRIP = NO;
				DEBUG_INFORMATION_FORMAT = "dwarf-with-dsym";
				ENABLE_NS_ASSERTIONS = NO;
				ENABLE_STRICT_OBJC_MSGSEND = YES;
				GCC_C_LANGUAGE_STANDARD = gnu11;
				GCC_NO_COMMON_BLOCKS = YES;
				GCC_WARN_64_TO_32_BIT_CONVERSION = YES;
				GCC_WARN_ABOUT_RETURN_TYPE = YES_ERROR;
				GCC_WARN_UNDECLARED_SELECTOR = YES;
				GCC_WARN_UNINITIALIZED_AUTOS = YES_AGGRESSIVE;
				GCC_WARN_UNUSED_FUNCTION = YES;
				GCC_WARN_UNUSED_VARIABLE = YES;
				IPHONEOS_DEPLOYMENT_TARGET = 12.2;
				MTL_ENABLE_DEBUG_INFO = NO;
				MTL_FAST_MATH = YES;
				SDKROOT = iphoneos;
				SWIFT_COMPILATION_MODE = wholemodule;
				SWIFT_OPTIMIZATION_LEVEL = "-O";
				VALIDATE_PRODUCT = YES;
			};
			name = Release;
		};
		9534661D22AA39DE00A0503F /* Debug */ = {
			isa = XCBuildConfiguration;
			buildSettings = {
				ASSETCATALOG_COMPILER_APPICON_NAME = AppIcon;
				CODE_SIGN_STYLE = Automatic;
				INFOPLIST_FILE = TestAutoCatalog/Info.plist;
				LD_RUNPATH_SEARCH_PATHS = (
					"$(inherited)",
					"@executable_path/Frameworks",
				);
				PRODUCT_BUNDLE_IDENTIFIER = nic.TestAutoCatalog;
				PRODUCT_NAME = "$(TARGET_NAME)";
				SWIFT_VERSION = 5.0;
				TARGETED_DEVICE_FAMILY = "1,2";
			};
			name = Debug;
		};
		9534661E22AA39DE00A0503F /* Release */ = {
			isa = XCBuildConfiguration;
			buildSettings = {
				ASSETCATALOG_COMPILER_APPICON_NAME = AppIcon;
				CODE_SIGN_STYLE = Automatic;
				INFOPLIST_FILE = TestAutoCatalog/Info.plist;
				LD_RUNPATH_SEARCH_PATHS = (
					"$(inherited)",
					"@executable_path/Frameworks",
				);
				PRODUCT_BUNDLE_IDENTIFIER = nic.TestAutoCatalog;
				PRODUCT_NAME = "$(TARGET_NAME)";
				SWIFT_VERSION = 5.0;
				TARGETED_DEVICE_FAMILY = "1,2";
			};
			name = Release;
		};
		9534662022AA39DE00A0503F /* Debug */ = {
			isa = XCBuildConfiguration;
			buildSettings = {
				ALWAYS_EMBED_SWIFT_STANDARD_LIBRARIES = YES;
				BUNDLE_LOADER = "$(TEST_HOST)";
				CODE_SIGN_STYLE = Automatic;
				INFOPLIST_FILE = TestAutoCatalogTests/Info.plist;
				LD_RUNPATH_SEARCH_PATHS = (
					"$(inherited)",
					"@executable_path/Frameworks",
					"@loader_path/Frameworks",
				);
				PRODUCT_BUNDLE_IDENTIFIER = nic.TestAutoCatalogTests;
				PRODUCT_NAME = "$(TARGET_NAME)";
				SWIFT_VERSION = 5.0;
				TARGETED_DEVICE_FAMILY = "1,2";
				TEST_HOST = "$(BUILT_PRODUCTS_DIR)/TestAutoCatalog.app/TestAutoCatalog";
			};
			name = Debug;
		};
		9534662122AA39DE00A0503F /* Release */ = {
			isa = XCBuildConfiguration;
			buildSettings = {
				ALWAYS_EMBED_SWIFT_STANDARD_LIBRARIES = YES;
				BUNDLE_LOADER = "$(TEST_HOST)";
				CODE_SIGN_STYLE = Automatic;
				INFOPLIST_FILE = TestAutoCatalogTests/Info.plist;
				LD_RUNPATH_SEARCH_PATHS = (
					"$(inherited)",
					"@executable_path/Frameworks",
					"@loader_path/Frameworks",
				);
				PRODUCT_BUNDLE_IDENTIFIER = nic.TestAutoCatalogTests;
				PRODUCT_NAME = "$(TARGET_NAME)";
				SWIFT_VERSION = 5.0;
				TARGETED_DEVICE_FAMILY = "1,2";
				TEST_HOST = "$(BUILT_PRODUCTS_DIR)/TestAutoCatalog.app/TestAutoCatalog";
			};
			name = Release;
		};
/* End XCBuildConfiguration section */

/* Begin XCConfigurationList section */
		953465FA22AA39B400A0503F /* Build configuration list for PBXProject "TestAutoCatalog" */ = {
			isa = XCConfigurationList;
			buildConfigurations = (
				9534661A22AA39DE00A0503F /* Debug */,
				9534661B22AA39DE00A0503F /* Release */,
			);
			defaultConfigurationIsVisible = 0;
			defaultConfigurationName = Release;
		};
		9534661C22AA39DE00A0503F /* Build configuration list for PBXNativeTarget "TestAutoCatalog" */ = {
			isa = XCConfigurationList;
			buildConfigurations = (
				9534661D22AA39DE00A0503F /* Debug */,
				9534661E22AA39DE00A0503F /* Release */,
			);
			defaultConfigurationIsVisible = 0;
			defaultConfigurationName = Release;
		};
		9534661F22AA39DE00A0503F /* Build configuration list for PBXNativeTarget "TestAutoCatalogTests" */ = {
			isa = XCConfigurationList;
			buildConfigurations = (
				9534662022AA39DE00A0503F /* Debug */,
				9534662122AA39DE00A0503F /* Release */,
			);
			defaultConfigurationIsVisible = 0;
			defaultConfigurationName = Release;
		};
/* End XCConfigurationList section */
	};
	rootObject = 953465F722AA39B400A0503F /* Project object */;
}
